<?xml version="1.0" encoding="UTF-8"?>
<Scheme LastUpgradeVersion = "2600" version = "1.7">
   <BuildAction parallelizeBuildables = "YES" buildImplicitDependencies = "YES">
   </BuildAction>
   <TestAction buildConfiguration = "Debug" selectedDebuggerIdentifier = "Xcode.DebuggerFoundation.Debugger.LLDB" selectedLauncherIdentifier = "Xcode.DebuggerFoundation.Launcher.LLDB" shouldUseLaunchSchemeArgsEnv = "YES">
      <EnvironmentVariables>
         <EnvironmentVariable key = "M1K3_MLX_INTEGRATION" value = "0" isEnabled = "YES"></EnvironmentVariable>
      </EnvironmentVariables>
      <Testables>
         <TestableReference skipped = "NO">
            <BuildableReference BuildableIdentifier = "primary" BlueprintIdentifier = "M1K3KnowledgeTests" BuildableName = "M1K3KnowledgeTests" BlueprintName = "M1K3KnowledgeTests" ReferencedContainer = "container:"></BuildableReference>
         </TestableReference>
         <TestableReference skipped = "NO">
            <BuildableReference BuildableIdentifier = "primary" BlueprintIdentifier = "M1K3MemoryTests" BuildableName = "M1K3MemoryTests" BlueprintName = "M1K3MemoryTests" ReferencedContainer = "container:"></BuildableReference>
         </TestableReference>
         <TestableReference skipped = "NO">
            <BuildableReference BuildableIdentifier = "primary" BlueprintIdentifier = "M1K3MemoryVizTests" BuildableName = "M1K3MemoryVizTests" BlueprintName = "M1K3MemoryVizTests" ReferencedContainer = "container:"></BuildableReference>
         </TestableReference>
         <TestableReference skipped = "NO">
            <BuildableReference BuildableIdentifier = "primary" BlueprintIdentifier = "M1K3InferenceTests" BuildableName = "M1K3InferenceTests" BlueprintName = "M1K3InferenceTests" ReferencedContainer = "container:"></BuildableReference>
         </TestableReference>
         <TestableReference skipped = "NO">
            <BuildableReference BuildableIdentifier = "primary" BlueprintIdentifier = "M1K3AgentTests" BuildableName = "M1K3AgentTests" BlueprintName = "M1K3AgentTests" ReferencedContainer = "container:"></BuildableReference>
         </TestableReference>
         <TestableReference skipped = "NO">
            <BuildableReference BuildableIdentifier = "primary" BlueprintIdentifier = "M1K3LanguageModelTests" BuildableName = "M1K3LanguageModelTests" BlueprintName = "M1K3LanguageModelTests" ReferencedContainer = "container:"></BuildableReference>
         </TestableReference>
         <TestableReference skipped = "NO">
            <BuildableReference BuildableIdentifier = "primary" BlueprintIdentifier = "M1K3EvalTests" BuildableName = "M1K3EvalTests" BlueprintName = "M1K3EvalTests" ReferencedContainer = "container:"></BuildableReference>
         </TestableReference>
         <TestableReference skipped = "NO">
            <BuildableReference BuildableIdentifier = "primary" BlueprintIdentifier = "M1K3DiagnosticsTests" BuildableName = "M1K3DiagnosticsTests" BlueprintName = "M1K3DiagnosticsTests" ReferencedContainer = "container:"></BuildableReference>
         </TestableReference>
         <TestableReference skipped = "NO">
            <BuildableReference BuildableIdentifier = "primary" BlueprintIdentifier = "M1K3KnowledgeToolsTests" BuildableName = "M1K3KnowledgeToolsTests" BlueprintName = "M1K3KnowledgeToolsTests" ReferencedContainer = "container:"></BuildableReference>
         </TestableReference>
         <TestableReference skipped = "NO">
            <BuildableReference BuildableIdentifier = "primary" BlueprintIdentifier = "M1K3AgentToolsTests" BuildableName = "M1K3AgentToolsTests" BlueprintName = "M1K3AgentToolsTests" ReferencedContainer = "container:"></BuildableReference>
         </TestableReference>
         <TestableReference skipped = "NO">
            <BuildableReference BuildableIdentifier = "primary" BlueprintIdentifier = "M1K3ChatTests" BuildableName = "M1K3ChatTests" BlueprintName = "M1K3ChatTests" ReferencedContainer = "container:"></BuildableReference>
         </TestableReference>
         <TestableReference skipped = "NO">
            <BuildableReference BuildableIdentifier = "primary" BlueprintIdentifier = "M1K3VoiceTests" BuildableName = "M1K3VoiceTests" BlueprintName = "M1K3VoiceTests" ReferencedContainer = "container:"></BuildableReference>
         </TestableReference>
         <TestableReference skipped = "NO">
            <BuildableReference BuildableIdentifier = "primary" BlueprintIdentifier = "M1K3MLXTests" BuildableName = "M1K3MLXTests" BlueprintName = "M1K3MLXTests" ReferencedContainer = "container:"></BuildableReference>
         </TestableReference>
         <TestableReference skipped = "NO">
            <BuildableReference BuildableIdentifier = "primary" BlueprintIdentifier = "M1K3MCPKitTests" BuildableName = "M1K3MCPKitTests" BlueprintName = "M1K3MCPKitTests" ReferencedContainer = "container:"></BuildableReference>
         </TestableReference>
         <TestableReference skipped = "NO">
            <BuildableReference BuildableIdentifier = "primary" BlueprintIdentifier = "M1K3LaunchTests" BuildableName = "M1K3LaunchTests" BlueprintName = "M1K3LaunchTests" ReferencedContainer = "container:"></BuildableReference>
         </TestableReference>
         <TestableReference skipped = "NO">
            <BuildableReference BuildableIdentifier = "primary" BlueprintIdentifier = "M1K3PreviewTests" BuildableName = "M1K3PreviewTests" BlueprintName = "M1K3PreviewTests" ReferencedContainer = "container:"></BuildableReference>
         </TestableReference>
         <TestableReference skipped = "NO">
            <BuildableReference BuildableIdentifier = "primary" BlueprintIdentifier = "M1K3CallsTests" BuildableName = "M1K3CallsTests" BlueprintName = "M1K3CallsTests" ReferencedContainer = "container:"></BuildableReference>
         </TestableReference>
         <TestableReference skipped = "NO">
            <BuildableReference BuildableIdentifier = "primary" BlueprintIdentifier = "M1K3WhisperKitTests" BuildableName = "M1K3WhisperKitTests" BlueprintName = "M1K3WhisperKitTests" ReferencedContainer = "container:"></BuildableReference>
         </TestableReference>
         <TestableReference skipped = "NO">
            <BuildableReference BuildableIdentifier = "primary" BlueprintIdentifier = "M1K3AvatarTests" BuildableName = "M1K3AvatarTests" BlueprintName = "M1K3AvatarTests" ReferencedContainer = "container:"></BuildableReference>
         </TestableReference>
         <TestableReference skipped = "NO">
            <BuildableReference BuildableIdentifier = "primary" BlueprintIdentifier = "M1K3KokoroTests" BuildableName = "M1K3KokoroTests" BlueprintName = "M1K3KokoroTests" ReferencedContainer = "container:"></BuildableReference>
         </TestableReference>
      </Testables>
   </TestAction>
</Scheme>
